
Microsoft Visual Studio Solution File, Format Version 12.00
# Visual Studio Version 16
VisualStudioVersion = 16.0.29230.61
MinimumVisualStudioVersion = 10.0.40219.1
Project("{9A19103F-16F7-4668-BE54-9A1E7A4F7556}") = "MotorCompany.Orders.API", "MotorCompany.Orders.API\MotorCompany.Orders.API.csproj", "{A78F2F88-6836-4DB5-8FCA-A81A8C9AF322}"
EndProject
Project("{9A19103F-16F7-4668-BE54-9A1E7A4F7556}") = "MotorCompany.Orders.Core", "MotorCompany.Orders.Core\MotorCompany.Orders.Core.csproj", "{7DF5DC7A-5BAC-47C1-BBF0-D56AA90CE3CC}"
EndProject
Project("{9A19103F-16F7-4668-BE54-9A1E7A4F7556}") = "MotorCompany.Orders.Datastore.SQLServer", "MotorCompany.Orders.Datastore\MotorCompany.Orders.Datastore.SQLServer.csproj", "{68102707-B94D-4A67-B680-7067E8B25D41}"
EndProject
Project("{9A19103F-16F7-4668-BE54-9A1E7A4F7556}") = "MotorCompany.Orders.Core.Tests", "MotorCompany.Orders.Core.Tests\MotorCompany.Orders.Core.Tests.csproj", "{91AC691E-E63C-4FD2-895A-487FDF31B91C}"
EndProject
Global
	GlobalSection(SolutionConfigurationPlatforms) = preSolution
		Debug|Any CPU = Debug|Any CPU
		Release|Any CPU = Release|Any CPU
	EndGlobalSection
	GlobalSection(ProjectConfigurationPlatforms) = postSolution
		{A78F2F88-6836-4DB5-8FCA-A81A8C9AF322}.Debug|Any CPU.ActiveCfg = Debug|Any CPU
		{A78F2F88-6836-4DB5-8FCA-A81A8C9AF322}.Debug|Any CPU.Build.0 = Debug|Any CPU
		{A78F2F88-6836-4DB5-8FCA-A81A8C9AF322}.Release|Any CPU.ActiveCfg = Release|Any CPU
		{A78F2F88-6836-4DB5-8FCA-A81A8C9AF322}.Release|Any CPU.Build.0 = Release|Any CPU
		{7DF5DC7A-5BAC-47C1-BBF0-D56AA90CE3CC}.Debug|Any CPU.ActiveCfg = Debug|Any CPU
		{7DF5DC7A-5BAC-47C1-BBF0-D56AA90CE3CC}.Debug|Any CPU.Build.0 = Debug|Any CPU
		{7DF5DC7A-5BAC-47C1-BBF0-D56AA90CE3CC}.Release|Any CPU.ActiveCfg = Release|Any CPU
		{7DF5DC7A-5BAC-47C1-BBF0-D56AA90CE3CC}.Release|Any CPU.Build.0 = Release|Any CPU
		{68102707-B94D-4A67-B680-7067E8B25D41}.Debug|Any CPU.ActiveCfg = Debug|Any CPU
		{68102707-B94D-4A67-B680-7067E8B25D41}.Debug|Any CPU.Build.0 = Debug|Any CPU
		{68102707-B94D-4A67-B680-7067E8B25D41}.Release|Any CPU.ActiveCfg = Release|Any CPU
		{68102707-B94D-4A67-B680-7067E8B25D41}.Release|Any CPU.Build.0 = Release|Any CPU
		{91AC691E-E63C-4FD2-895A-487FDF31B91C}.Debug|Any CPU.ActiveCfg = Debug|Any CPU
		{91AC691E-E63C-4FD2-895A-487FDF31B91C}.Debug|Any CPU.Build.0 = Debug|Any CPU
		{91AC691E-E63C-4FD2-895A-487FDF31B91C}.Release|Any CPU.ActiveCfg = Release|Any CPU
		{91AC691E-E63C-4FD2-895A-487FDF31B91C}.Release|Any CPU.Build.0 = Release|Any CPU
	EndGlobalSection
	GlobalSection(SolutionProperties) = preSolution
		HideSolutionNode = FALSE
	EndGlobalSection
	GlobalSection(ExtensibilityGlobals) = postSolution
		SolutionGuid = {5D87C18A-9D9A-4AD7-A469-4FF28F2C0D45}
	EndGlobalSection
EndGlobal
